
Microsoft Visual Studio Solution File, Format Version 12.00
# Visual Studio Version 16
VisualStudioVersion = 16.0.31624.102
MinimumVisualStudioVersion = 10.0.40219.1
Project("{8BC9CEB8-8B4A-11D0-8D11-00A0C91BC942}") = "p10252", "p10252\p10252.vcxproj", "{24C92E67-7B70-41BF-983C-3676702D9C82}"
EndProject
Global
	GlobalSection(SolutionConfigurationPlatforms) = preSolution
		Debug|x64 = Debug|x64
		Debug|x86 = Debug|x86
		Release|x64 = Release|x64
		Release|x86 = Release|x86
	EndGlobalSection
	GlobalSection(ProjectConfigurationPlatforms) = postSolution
		{24C92E67-7B70-41BF-983C-3676702D9C82}.Debug|x64.ActiveCfg = Debug|x64
		{24C92E67-7B70-41BF-983C-3676702D9C82}.Debug|x64.Build.0 = Debug|x64
		{24C92E67-7B70-41BF-983C-3676702D9C82}.Debug|x86.ActiveCfg = Debug|Win32
		{24C92E67-7B70-41BF-983C-3676702D9C82}.Debug|x86.Build.0 = Debug|Win32
		{24C92E67-7B70-41BF-983C-3676702D9C82}.Release|x64.ActiveCfg = Release|x64
		{24C92E67-7B70-41BF-983C-3676702D9C82}.Release|x64.Build.0 = Release|x64
		{24C92E67-7B70-41BF-983C-3676702D9C82}.Release|x86.ActiveCfg = Release|Win32
		{24C92E67-7B70-41BF-983C-3676702D9C82}.Release|x86.Build.0 = Release|Win32
	EndGlobalSection
	GlobalSection(SolutionProperties) = preSolution
		HideSolutionNode = FALSE
	EndGlobalSection
	GlobalSection(ExtensibilityGlobals) = postSolution
		SolutionGuid = {360235E3-16AC-4456-94CD-98DFD201C609}
	EndGlobalSection
EndGlobal
